
Microsoft Visual Studio Solution File, Format Version 12.00
# Visual Studio Version 17
VisualStudioVersion = 17.0.31903.59
MinimumVisualStudioVersion = 10.0.40219.1
Project("{FAE04EC0-301F-11D3-BF4B-00C04F79EFBC}") = "FCG.CatalogAPI.API", "FCG.CatalogAPI.API\FCG.CatalogAPI.API.csproj", "{9E8C1381-8B3D-42C3-B936-FD8A1F20BCDF}"
EndProject
Project("{FAE04EC0-301F-11D3-BF4B-00C04F79EFBC}") = "FCG.CatalogAPI.Domain", "FCG.CatalogAPI.Domain\FCG.CatalogAPI.Domain.csproj", "{D9729FDE-3D49-4274-8935-243675D1C737}"
EndProject
Project("{FAE04EC0-301F-11D3-BF4B-00C04F79EFBC}") = "FCG.CatalogAPI.Application", "FCG.CatalogAPI.Application\FCG.CatalogAPI.Application.csproj", "{B9797341-01A0-4226-936D-BC4D8E34CE41}"
EndProject
Project("{FAE04EC0-301F-11D3-BF4B-00C04F79EFBC}") = "FCG.CatalogAPI.Infrastructure", "FCG.CatalogAPI.Infrastructure\FCG.CatalogAPI.Infrastructure.csproj", "{AAA317E4-83FA-40B1-A506-20E7A692C9A8}"
EndProject
Global
	GlobalSection(SolutionConfigurationPlatforms) = preSolution
		Debug|Any CPU = Debug|Any CPU
		Debug|x64 = Debug|x64
		Debug|x86 = Debug|x86
		Release|Any CPU = Release|Any CPU
		Release|x64 = Release|x64
		Release|x86 = Release|x86
	EndGlobalSection
	GlobalSection(ProjectConfigurationPlatforms) = postSolution
		{9E8C1381-8B3D-42C3-B936-FD8A1F20BCDF}.Debug|Any CPU.ActiveCfg = Debug|Any CPU
		{9E8C1381-8B3D-42C3-B936-FD8A1F20BCDF}.Debug|Any CPU.Build.0 = Debug|Any CPU
		{9E8C1381-8B3D-42C3-B936-FD8A1F20BCDF}.Debug|x64.ActiveCfg = Debug|Any CPU
		{9E8C1381-8B3D-42C3-B936-FD8A1F20BCDF}.Debug|x64.Build.0 = Debug|Any CPU
		{9E8C1381-8B3D-42C3-B936-FD8A1F20BCDF}.Debug|x86.ActiveCfg = Debug|Any CPU
		{9E8C1381-8B3D-42C3-B936-FD8A1F20BCDF}.Debug|x86.Build.0 = Debug|Any CPU
		{9E8C1381-8B3D-42C3-B936-FD8A1F20BCDF}.Release|Any CPU.ActiveCfg = Release|Any CPU
		{9E8C1381-8B3D-42C3-B936-FD8A1F20BCDF}.Release|Any CPU.Build.0 = Release|Any CPU
		{9E8C1381-8B3D-42C3-B936-FD8A1F20BCDF}.Release|x64.ActiveCfg = Release|Any CPU
		{9E8C1381-8B3D-42C3-B936-FD8A1F20BCDF}.Release|x64.Build.0 = Release|Any CPU
		{9E8C1381-8B3D-42C3-B936-FD8A1F20BCDF}.Release|x86.ActiveCfg = Release|Any CPU
		{9E8C1381-8B3D-42C3-B936-FD8A1F20BCDF}.Release|x86.Build.0 = Release|Any CPU
		{D9729FDE-3D49-4274-8935-243675D1C737}.Debug|Any CPU.ActiveCfg = Debug|Any CPU
		{D9729FDE-3D49-4274-8935-243675D1C737}.Debug|Any CPU.Build.0 = Debug|Any CPU
		{D9729FDE-3D49-4274-8935-243675D1C737}.Debug|x64.ActiveCfg = Debug|Any CPU
		{D9729FDE-3D49-4274-8935-243675D1C737}.Debug|x64.Build.0 = Debug|Any CPU
		{D9729FDE-3D49-4274-8935-243675D1C737}.Debug|x86.ActiveCfg = Debug|Any CPU
		{D9729FDE-3D49-4274-8935-243675D1C737}.Debug|x86.Build.0 = Debug|Any CPU
		{D9729FDE-3D49-4274-8935-243675D1C737}.Release|Any CPU.ActiveCfg = Release|Any CPU
		{D9729FDE-3D49-4274-8935-243675D1C737}.Release|Any CPU.Build.0 = Release|Any CPU
		{D9729FDE-3D49-4274-8935-243675D1C737}.Release|x64.ActiveCfg = Release|Any CPU
		{D9729FDE-3D49-4274-8935-243675D1C737}.Release|x64.Build.0 = Release|Any CPU
		{D9729FDE-3D49-4274-8935-243675D1C737}.Release|x86.ActiveCfg = Release|Any CPU
		{D9729FDE-3D49-4274-8935-243675D1C737}.Release|x86.Build.0 = Release|Any CPU
		{B9797341-01A0-4226-936D-BC4D8E34CE41}.Debug|Any CPU.ActiveCfg = Debug|Any CPU
		{B9797341-01A0-4226-936D-BC4D8E34CE41}.Debug|Any CPU.Build.0 = Debug|Any CPU
		{B9797341-01A0-4226-936D-BC4D8E34CE41}.Debug|x64.ActiveCfg = Debug|Any CPU
		{B9797341-01A0-4226-936D-BC4D8E34CE41}.Debug|x64.Build.0 = Debug|Any CPU
		{B9797341-01A0-4226-936D-BC4D8E34CE41}.Debug|x86.ActiveCfg = Debug|Any CPU
		{B9797341-01A0-4226-936D-BC4D8E34CE41}.Debug|x86.Build.0 = Debug|Any CPU
		{B9797341-01A0-4226-936D-BC4D8E34CE41}.Release|Any CPU.ActiveCfg = Release|Any CPU
		{B9797341-01A0-4226-936D-BC4D8E34CE41}.Release|Any CPU.Build.0 = Release|Any CPU
		{B9797341-01A0-4226-936D-BC4D8E34CE41}.Release|x64.ActiveCfg = Release|Any CPU
		{B9797341-01A0-4226-936D-BC4D8E34CE41}.Release|x64.Build.0 = Release|Any CPU
		{B9797341-01A0-4226-936D-BC4D8E34CE41}.Release|x86.ActiveCfg = Release|Any CPU
		{B9797341-01A0-4226-936D-BC4D8E34CE41}.Release|x86.Build.0 = Release|Any CPU
		{AAA317E4-83FA-40B1-A506-20E7A692C9A8}.Debug|Any CPU.ActiveCfg = Debug|Any CPU
		{AAA317E4-83FA-40B1-A506-20E7A692C9A8}.Debug|Any CPU.Build.0 = Debug|Any CPU
		{AAA317E4-83FA-40B1-A506-20E7A692C9A8}.Debug|x64.ActiveCfg = Debug|Any CPU
		{AAA317E4-83FA-40B1-A506-20E7A692C9A8}.Debug|x64.Build.0 = Debug|Any CPU
		{AAA317E4-83FA-40B1-A506-20E7A692C9A8}.Debug|x86.ActiveCfg = Debug|Any CPU
		{AAA317E4-83FA-40B1-A506-20E7A692C9A8}.Debug|x86.Build.0 = Debug|Any CPU
		{AAA317E4-83FA-40B1-A506-20E7A692C9A8}.Release|Any CPU.ActiveCfg = Release|Any CPU
		{AAA317E4-83FA-40B1-A506-20E7A692C9A8}.Release|Any CPU.Build.0 = Release|Any CPU
		{AAA317E4-83FA-40B1-A506-20E7A692C9A8}.Release|x64.ActiveCfg = Release|Any CPU
		{AAA317E4-83FA-40B1-A506-20E7A692C9A8}.Release|x64.Build.0 = Release|Any CPU
		{AAA317E4-83FA-40B1-A506-20E7A692C9A8}.Release|x86.ActiveCfg = Release|Any CPU
		{AAA317E4-83FA-40B1-A506-20E7A692C9A8}.Release|x86.Build.0 = Release|Any CPU
	EndGlobalSection
	GlobalSection(SolutionProperties) = preSolution
		HideSolutionNode = FALSE
	EndGlobalSection
EndGlobal
